
Microsoft Visual Studio Solution File, Format Version 12.00
# Visual Studio Version 17
VisualStudioVersion = 17.0.31912.275
MinimumVisualStudioVersion = 10.0.40219.1
Project("{FAE04EC0-301F-11D3-BF4B-00C04F79EFBC}") = "builder", "builder.csproj", "{128A6333-2040-4317-9DA4-45B1AB0F332C}"
EndProject
Global
	GlobalSection(SolutionConfigurationPlatforms) = preSolution
		Debug|Any CPU = Debug|Any CPU
		Release|Any CPU = Release|Any CPU
	EndGlobalSection
	GlobalSection(ProjectConfigurationPlatforms) = postSolution
		{128A6333-2040-4317-9DA4-45B1AB0F332C}.Debug|Any CPU.ActiveCfg = Debug|Any CPU
		{128A6333-2040-4317-9DA4-45B1AB0F332C}.Debug|Any CPU.Build.0 = Debug|Any CPU
		{128A6333-2040-4317-9DA4-45B1AB0F332C}.Release|Any CPU.ActiveCfg = Release|Any CPU
		{128A6333-2040-4317-9DA4-45B1AB0F332C}.Release|Any CPU.Build.0 = Release|Any CPU
	EndGlobalSection
	GlobalSection(SolutionProperties) = preSolution
		HideSolutionNode = FALSE
	EndGlobalSection
	GlobalSection(ExtensibilityGlobals) = postSolution
		SolutionGuid = {DFB1D821-1D94-4783-85A8-C1507474211A}
	EndGlobalSection
EndGlobal
